
Microsoft Visual Studio Solution File, Format Version 12.00
# Visual Studio Version 17
VisualStudioVersion = 17.4.33103.184
MinimumVisualStudioVersion = 10.0.40219.1
Project("{FAE04EC0-301F-11D3-BF4B-00C04F79EFBC}") = "PorteBoshbo", "PorteBoshbo\PorteBoshbo.csproj", "{255D632F-C8C6-4704-9992-12BD63E8A89C}"
EndProject
Project("{FAE04EC0-301F-11D3-BF4B-00C04F79EFBC}") = "BLL", "BLL\BLL.csproj", "{31931DD7-B1E6-43C0-A0DB-ABD75D8DA9D3}"
EndProject
Project("{FAE04EC0-301F-11D3-BF4B-00C04F79EFBC}") = "DAL", "DAL\DAL.csproj", "{CF31714A-587A-4BC2-A62E-380DA209D43F}"
EndProject
Global
	GlobalSection(SolutionConfigurationPlatforms) = preSolution
		Debug|Any CPU = Debug|Any CPU
		Release|Any CPU = Release|Any CPU
	EndGlobalSection
	GlobalSection(ProjectConfigurationPlatforms) = postSolution
		{255D632F-C8C6-4704-9992-12BD63E8A89C}.Debug|Any CPU.ActiveCfg = Debug|Any CPU
		{255D632F-C8C6-4704-9992-12BD63E8A89C}.Debug|Any CPU.Build.0 = Debug|Any CPU
		{255D632F-C8C6-4704-9992-12BD63E8A89C}.Release|Any CPU.ActiveCfg = Release|Any CPU
		{255D632F-C8C6-4704-9992-12BD63E8A89C}.Release|Any CPU.Build.0 = Release|Any CPU
		{31931DD7-B1E6-43C0-A0DB-ABD75D8DA9D3}.Debug|Any CPU.ActiveCfg = Debug|Any CPU
		{31931DD7-B1E6-43C0-A0DB-ABD75D8DA9D3}.Debug|Any CPU.Build.0 = Debug|Any CPU
		{31931DD7-B1E6-43C0-A0DB-ABD75D8DA9D3}.Release|Any CPU.ActiveCfg = Release|Any CPU
		{31931DD7-B1E6-43C0-A0DB-ABD75D8DA9D3}.Release|Any CPU.Build.0 = Release|Any CPU
		{CF31714A-587A-4BC2-A62E-380DA209D43F}.Debug|Any CPU.ActiveCfg = Debug|Any CPU
		{CF31714A-587A-4BC2-A62E-380DA209D43F}.Debug|Any CPU.Build.0 = Debug|Any CPU
		{CF31714A-587A-4BC2-A62E-380DA209D43F}.Release|Any CPU.ActiveCfg = Release|Any CPU
		{CF31714A-587A-4BC2-A62E-380DA209D43F}.Release|Any CPU.Build.0 = Release|Any CPU
	EndGlobalSection
	GlobalSection(SolutionProperties) = preSolution
		HideSolutionNode = FALSE
	EndGlobalSection
	GlobalSection(ExtensibilityGlobals) = postSolution
		SolutionGuid = {4C3E74F8-12EB-458E-91E9-6B9F26946838}
	EndGlobalSection
EndGlobal
